
Microsoft Visual Studio Solution File, Format Version 12.00
# Visual Studio 14
VisualStudioVersion = 14.0.25420.1
MinimumVisualStudioVersion = 10.0.40219.1
Project("{FAE04EC0-301F-11D3-BF4B-00C04F79EFBC}") = "Laba1.1", "OOP(labs)\Laba1.1.csproj", "{564E44D2-D7F0-4990-942F-E93F7A3A33CB}"
EndProject
Project("{FAE04EC0-301F-11D3-BF4B-00C04F79EFBC}") = "Laba1.2", "ConsoleApplication1\Laba1.2.csproj", "{60724203-E463-4A57-B278-1612A7197D2D}"
EndProject
Project("{FAE04EC0-301F-11D3-BF4B-00C04F79EFBC}") = "Laba2.1", "Laba2.1\Laba2.1.csproj", "{33EBB8BC-E037-4816-975A-C7D9577E54FA}"
EndProject
Project("{FAE04EC0-301F-11D3-BF4B-00C04F79EFBC}") = "laba2.3", "lab2.3\laba2.3.csproj", "{6F649CF1-641F-475F-B46D-8F6BF45139E6}"
EndProject
Project("{FAE04EC0-301F-11D3-BF4B-00C04F79EFBC}") = "Laba2.2", "Laba2.2\Laba2.2.csproj", "{1307F05F-DC11-4CDE-833F-5402CDEE0217}"
EndProject
Project("{FAE04EC0-301F-11D3-BF4B-00C04F79EFBC}") = "Laba3", "Laba3\Laba3.csproj", "{17C758AF-ED14-4361-965E-4851B4C3CB01}"
EndProject
Project("{FAE04EC0-301F-11D3-BF4B-00C04F79EFBC}") = "Tasks.Another", "Tasks.Another\Tasks.Another.csproj", "{B4F9C2B0-6A8A-4899-BAA3-3F89CF64C5B0}"
EndProject
Project("{FAE04EC0-301F-11D3-BF4B-00C04F79EFBC}") = "laba1TP", "laba1TP\laba1TP.csproj", "{82776834-5863-41E8-B9E9-B818E35B8C97}"
EndProject
Global
	GlobalSection(SolutionConfigurationPlatforms) = preSolution
		Debug|Any CPU = Debug|Any CPU
		Release|Any CPU = Release|Any CPU
	EndGlobalSection
	GlobalSection(ProjectConfigurationPlatforms) = postSolution
		{564E44D2-D7F0-4990-942F-E93F7A3A33CB}.Debug|Any CPU.ActiveCfg = Debug|Any CPU
		{564E44D2-D7F0-4990-942F-E93F7A3A33CB}.Debug|Any CPU.Build.0 = Debug|Any CPU
		{564E44D2-D7F0-4990-942F-E93F7A3A33CB}.Release|Any CPU.ActiveCfg = Release|Any CPU
		{564E44D2-D7F0-4990-942F-E93F7A3A33CB}.Release|Any CPU.Build.0 = Release|Any CPU
		{60724203-E463-4A57-B278-1612A7197D2D}.Debug|Any CPU.ActiveCfg = Debug|Any CPU
		{60724203-E463-4A57-B278-1612A7197D2D}.Debug|Any CPU.Build.0 = Debug|Any CPU
		{60724203-E463-4A57-B278-1612A7197D2D}.Release|Any CPU.ActiveCfg = Release|Any CPU
		{60724203-E463-4A57-B278-1612A7197D2D}.Release|Any CPU.Build.0 = Release|Any CPU
		{33EBB8BC-E037-4816-975A-C7D9577E54FA}.Debug|Any CPU.ActiveCfg = Debug|Any CPU
		{33EBB8BC-E037-4816-975A-C7D9577E54FA}.Debug|Any CPU.Build.0 = Debug|Any CPU
		{33EBB8BC-E037-4816-975A-C7D9577E54FA}.Release|Any CPU.ActiveCfg = Release|Any CPU
		{33EBB8BC-E037-4816-975A-C7D9577E54FA}.Release|Any CPU.Build.0 = Release|Any CPU
		{6F649CF1-641F-475F-B46D-8F6BF45139E6}.Debug|Any CPU.ActiveCfg = Debug|Any CPU
		{6F649CF1-641F-475F-B46D-8F6BF45139E6}.Debug|Any CPU.Build.0 = Debug|Any CPU
		{6F649CF1-641F-475F-B46D-8F6BF45139E6}.Release|Any CPU.ActiveCfg = Release|Any CPU
		{6F649CF1-641F-475F-B46D-8F6BF45139E6}.Release|Any CPU.Build.0 = Release|Any CPU
		{1307F05F-DC11-4CDE-833F-5402CDEE0217}.Debug|Any CPU.ActiveCfg = Debug|Any CPU
		{1307F05F-DC11-4CDE-833F-5402CDEE0217}.Debug|Any CPU.Build.0 = Debug|Any CPU
		{1307F05F-DC11-4CDE-833F-5402CDEE0217}.Release|Any CPU.ActiveCfg = Release|Any CPU
		{1307F05F-DC11-4CDE-833F-5402CDEE0217}.Release|Any CPU.Build.0 = Release|Any CPU
		{17C758AF-ED14-4361-965E-4851B4C3CB01}.Debug|Any CPU.ActiveCfg = Debug|Any CPU
		{17C758AF-ED14-4361-965E-4851B4C3CB01}.Debug|Any CPU.Build.0 = Debug|Any CPU
		{17C758AF-ED14-4361-965E-4851B4C3CB01}.Release|Any CPU.ActiveCfg = Release|Any CPU
		{17C758AF-ED14-4361-965E-4851B4C3CB01}.Release|Any CPU.Build.0 = Release|Any CPU
		{B4F9C2B0-6A8A-4899-BAA3-3F89CF64C5B0}.Debug|Any CPU.ActiveCfg = Debug|Any CPU
		{B4F9C2B0-6A8A-4899-BAA3-3F89CF64C5B0}.Debug|Any CPU.Build.0 = Debug|Any CPU
		{B4F9C2B0-6A8A-4899-BAA3-3F89CF64C5B0}.Release|Any CPU.ActiveCfg = Release|Any CPU
		{B4F9C2B0-6A8A-4899-BAA3-3F89CF64C5B0}.Release|Any CPU.Build.0 = Release|Any CPU
		{82776834-5863-41E8-B9E9-B818E35B8C97}.Debug|Any CPU.ActiveCfg = Debug|Any CPU
		{82776834-5863-41E8-B9E9-B818E35B8C97}.Debug|Any CPU.Build.0 = Debug|Any CPU
		{82776834-5863-41E8-B9E9-B818E35B8C97}.Release|Any CPU.ActiveCfg = Release|Any CPU
		{82776834-5863-41E8-B9E9-B818E35B8C97}.Release|Any CPU.Build.0 = Release|Any CPU
	EndGlobalSection
	GlobalSection(SolutionProperties) = preSolution
		HideSolutionNode = FALSE
	EndGlobalSection
EndGlobal
