
Microsoft Visual Studio Solution File, Format Version 12.00
# Visual Studio Version 16
VisualStudioVersion = 16.0.29709.97
MinimumVisualStudioVersion = 10.0.40219.1
Project("{FAE04EC0-301F-11D3-BF4B-00C04F79EFBC}") = "Typedesign", "Typedesign\Typedesign.csproj", "{F6316D59-BBF4-4499-8F7B-406405ADC5B7}"
EndProject
Global
	GlobalSection(SolutionConfigurationPlatforms) = preSolution
		Debug|Any CPU = Debug|Any CPU
		Release|Any CPU = Release|Any CPU
	EndGlobalSection
	GlobalSection(ProjectConfigurationPlatforms) = postSolution
		{F6316D59-BBF4-4499-8F7B-406405ADC5B7}.Debug|Any CPU.ActiveCfg = Debug|Any CPU
		{F6316D59-BBF4-4499-8F7B-406405ADC5B7}.Debug|Any CPU.Build.0 = Debug|Any CPU
		{F6316D59-BBF4-4499-8F7B-406405ADC5B7}.Release|Any CPU.ActiveCfg = Release|Any CPU
		{F6316D59-BBF4-4499-8F7B-406405ADC5B7}.Release|Any CPU.Build.0 = Release|Any CPU
	EndGlobalSection
	GlobalSection(SolutionProperties) = preSolution
		HideSolutionNode = FALSE
	EndGlobalSection
	GlobalSection(ExtensibilityGlobals) = postSolution
		SolutionGuid = {C3E03CA3-9370-43B9-8763-C00A6B65E1F5}
	EndGlobalSection
EndGlobal
